
Microsoft Visual Studio Solution File, Format Version 12.00
# Visual Studio Version 16
VisualStudioVersion = 16.0.31025.194
MinimumVisualStudioVersion = 10.0.40219.1
Project("{8BC9CEB8-8B4A-11D0-8D11-00A0C91BC942}") = "SoftSim", "SoftSim\SoftSim.vcxproj", "{FBC9EA6E-475D-46A3-BE43-BDE2947D85AB}"
EndProject
Global
	GlobalSection(SolutionConfigurationPlatforms) = preSolution
		Release|x64 = Release|x64
	EndGlobalSection
	GlobalSection(ProjectConfigurationPlatforms) = postSolution
		{FBC9EA6E-475D-46A3-BE43-BDE2947D85AB}.Release|x64.ActiveCfg = Release|x64
		{FBC9EA6E-475D-46A3-BE43-BDE2947D85AB}.Release|x64.Build.0 = Release|x64
	EndGlobalSection
	GlobalSection(SolutionProperties) = preSolution
		HideSolutionNode = FALSE
	EndGlobalSection
	GlobalSection(ExtensibilityGlobals) = postSolution
		SolutionGuid = {FE987DA8-2836-49EC-B691-8EA486DDA52A}
	EndGlobalSection
EndGlobal
